// !$*UTF8*$!
{
	archiveVersion = 1;
	classes = {
	};
	objectVersion = 48;
	objects = {

/* Begin PBXBuildFile section */
		373B846E20A1912100B2F800 /* SettingViewController.swift in Sources */ = {isa = PBXBuildFile; fileRef = 373B846D20A1912100B2F800 /* SettingViewController.swift */; };
		373B847020A24EE600B2F800 /* BluetoothManager.swift in Sources */ = {isa = PBXBuildFile; fileRef = 373B846F20A24EE600B2F800 /* BluetoothManager.swift */; };
		374370E7209EC25200E7C84C /* FeatureStore+CoreDataClass.swift in Sources */ = {isa = PBXBuildFile; fileRef = 374370E5209EC25200E7C84C /* FeatureStore+CoreDataClass.swift */; };
		374370E8209EC25200E7C84C /* FeatureStore+CoreDataProperties.swift in Sources */ = {isa = PBXBuildFile; fileRef = 374370E6209EC25200E7C84C /* FeatureStore+CoreDataProperties.swift */; };
		3752D921207FFA720019C5FA /* AppDelegate.swift in Sources */ = {isa = PBXBuildFile; fileRef = 3752D920207FFA720019C5FA /* AppDelegate.swift */; };
		3752D923207FFA720019C5FA /* ConnectViewController.swift in Sources */ = {isa = PBXBuildFile; fileRef = 3752D922207FFA720019C5FA /* ConnectViewController.swift */; };
		3752D926207FFA720019C5FA /* Main.storyboard in Resources */ = {isa = PBXBuildFile; fileRef = 3752D924207FFA720019C5FA /* Main.storyboard */; };
		3752D929207FFA720019C5FA /* La_Distrib_.xcdatamodeld in Sources */ = {isa = PBXBuildFile; fileRef = 3752D927207FFA720019C5FA /* La_Distrib_.xcdatamodeld */; };
		3752D92E207FFA720019C5FA /* LaunchScreen.storyboard in Resources */ = {isa = PBXBuildFile; fileRef = 3752D92C207FFA720019C5FA /* LaunchScreen.storyboard */; };
		3752D93E2080CF210019C5FA /* HomeViewController.swift in Sources */ = {isa = PBXBuildFile; fileRef = 3752D93D2080CF210019C5FA /* HomeViewController.swift */; };
		37654C7E20820D9F00B54DC1 /* CustomTextField.swift in Sources */ = {isa = PBXBuildFile; fileRef = 37654C7D20820D9F00B54DC1 /* CustomTextField.swift */; };
		37654C8020849DD300B54DC1 /* Assets.xcassets in Resources */ = {isa = PBXBuildFile; fileRef = 37654C7F20849DD300B54DC1 /* Assets.xcassets */; };
		37654C82208601DF00B54DC1 /* RegistrationViewController.swift in Sources */ = {isa = PBXBuildFile; fileRef = 37654C81208601DF00B54DC1 /* RegistrationViewController.swift */; };
		37654C862088FE5300B54DC1 /* DataController.swift in Sources */ = {isa = PBXBuildFile; fileRef = 37654C852088FE5300B54DC1 /* DataController.swift */; };
		37654CA0208B43F200B54DC1 /* Roboto-Medium.ttf in Resources */ = {isa = PBXBuildFile; fileRef = 37654C94208B43E300B54DC1 /* Roboto-Medium.ttf */; };
		37654CA1208B43F200B54DC1 /* Roboto-Regular.ttf in Resources */ = {isa = PBXBuildFile; fileRef = 37654C95208B43E400B54DC1 /* Roboto-Regular.ttf */; };
		37654CA2208B43F200B54DC1 /* Roboto-ThinItalic.ttf in Resources */ = {isa = PBXBuildFile; fileRef = 37654C96208B43E500B54DC1 /* Roboto-ThinItalic.ttf */; };
		37654CA3208B43F200B54DC1 /* Roboto-BlackItalic.ttf in Resources */ = {isa = PBXBuildFile; fileRef = 37654C97208B43E600B54DC1 /* Roboto-BlackItalic.ttf */; };
		37654CA4208B43F200B54DC1 /* Roboto-Black.ttf in Resources */ = {isa = PBXBuildFile; fileRef = 37654C98208B43E800B54DC1 /* Roboto-Black.ttf */; };
		37654CA5208B43F200B54DC1 /* Roboto-Thin.ttf in Resources */ = {isa = PBXBuildFile; fileRef = 37654C99208B43E900B54DC1 /* Roboto-Thin.ttf */; };
		37654CA6208B43F200B54DC1 /* Roboto-MediumItalic.ttf in Resources */ = {isa = PBXBuildFile; fileRef = 37654C9A208B43EB00B54DC1 /* Roboto-MediumItalic.ttf */; };
		37654CA7208B43F200B54DC1 /* Roboto-Italic.ttf in Resources */ = {isa = PBXBuildFile; fileRef = 37654C9B208B43EC00B54DC1 /* Roboto-Italic.ttf */; };
		37654CA8208B43F200B54DC1 /* Roboto-Light.ttf in Resources */ = {isa = PBXBuildFile; fileRef = 37654C9C208B43ED00B54DC1 /* Roboto-Light.ttf */; };
		37654CA9208B43F200B54DC1 /* Roboto-BoldItalic.ttf in Resources */ = {isa = PBXBuildFile; fileRef = 37654C9D208B43EE00B54DC1 /* Roboto-BoldItalic.ttf */; };
		37654CAA208B43F200B54DC1 /* Roboto-LightItalic.ttf in Resources */ = {isa = PBXBuildFile; fileRef = 37654C9E208B43F000B54DC1 /* Roboto-LightItalic.ttf */; };
		37654CAB208B43F200B54DC1 /* Roboto-Bold.ttf in Resources */ = {isa = PBXBuildFile; fileRef = 37654C9F208B43F100B54DC1 /* Roboto-Bold.ttf */; };
		37654CB2208B440800B54DC1 /* RobotoCondensed-Light.ttf in Resources */ = {isa = PBXBuildFile; fileRef = 37654CAC208B440000B54DC1 /* RobotoCondensed-Light.ttf */; };
		37654CB3208B440800B54DC1 /* RobotoCondensed-BoldItalic.ttf in Resources */ = {isa = PBXBuildFile; fileRef = 37654CAD208B440100B54DC1 /* RobotoCondensed-BoldItalic.ttf */; };
		37654CB4208B440800B54DC1 /* RobotoCondensed-Regular.ttf in Resources */ = {isa = PBXBuildFile; fileRef = 37654CAE208B440300B54DC1 /* RobotoCondensed-Regular.ttf */; };
		37654CB5208B440800B54DC1 /* RobotoCondensed-LightItalic.ttf in Resources */ = {isa = PBXBuildFile; fileRef = 37654CAF208B440400B54DC1 /* RobotoCondensed-LightItalic.ttf */; };
		37654CB6208B440800B54DC1 /* RobotoCondensed-Bold.ttf in Resources */ = {isa = PBXBuildFile; fileRef = 37654CB0208B440600B54DC1 /* RobotoCondensed-Bold.ttf */; };
		37654CB7208B440800B54DC1 /* RobotoCondensed-Italic.ttf in Resources */ = {isa = PBXBuildFile; fileRef = 37654CB1208B440700B54DC1 /* RobotoCondensed-Italic.ttf */; };
		37654CBE208B441E00B54DC1 /* Oswald-Bold.ttf in Resources */ = {isa = PBXBuildFile; fileRef = 37654CB8208B441600B54DC1 /* Oswald-Bold.ttf */; };
		37654CBF208B441E00B54DC1 /* Oswald-ExtraLight.ttf in Resources */ = {isa = PBXBuildFile; fileRef = 37654CB9208B441700B54DC1 /* Oswald-ExtraLight.ttf */; };
		37654CC0208B441E00B54DC1 /* Oswald-Light.ttf in Resources */ = {isa = PBXBuildFile; fileRef = 37654CBA208B441900B54DC1 /* Oswald-Light.ttf */; };
		37654CC1208B441E00B54DC1 /* Oswald-Medium.ttf in Resources */ = {isa = PBXBuildFile; fileRef = 37654CBB208B441A00B54DC1 /* Oswald-Medium.ttf */; };
		37654CC2208B441E00B54DC1 /* Oswald-Regular.ttf in Resources */ = {isa = PBXBuildFile; fileRef = 37654CBC208B441B00B54DC1 /* Oswald-Regular.ttf */; };
		37654CC3208B441E00B54DC1 /* Oswald-SemiBold.ttf in Resources */ = {isa = PBXBuildFile; fileRef = 37654CBD208B441D00B54DC1 /* Oswald-SemiBold.ttf */; };
		37654CC7208CDF3400B54DC1 /* CustomHomeTableViewCell.swift in Sources */ = {isa = PBXBuildFile; fileRef = 37654CC6208CDF3400B54DC1 /* CustomHomeTableViewCell.swift */; };
		37654CD62092197400B54DC1 /* UserProfil.swift in Sources */ = {isa = PBXBuildFile; fileRef = 37654CD22092197400B54DC1 /* UserProfil.swift */; };
		37654CD72092197400B54DC1 /* UserProfil+CoreDataProperties.swift in Sources */ = {isa = PBXBuildFile; fileRef = 37654CD32092197400B54DC1 /* UserProfil+CoreDataProperties.swift */; };
		37654CD82092197400B54DC1 /* Feature.swift in Sources */ = {isa = PBXBuildFile; fileRef = 37654CD42092197400B54DC1 /* Feature.swift */; };
		37654CD92092197400B54DC1 /* Feature+CoreDataProperties.swift in Sources */ = {isa = PBXBuildFile; fileRef = 37654CD52092197400B54DC1 /* Feature+CoreDataProperties.swift */; };
		37654CDB2095D3B100B54DC1 /* StoreViewController.swift in Sources */ = {isa = PBXBuildFile; fileRef = 37654CDA2095D3B100B54DC1 /* StoreViewController.swift */; };
		37654CDD2097387400B54DC1 /* CustomStoreTableViewCell.swift in Sources */ = {isa = PBXBuildFile; fileRef = 37654CDC2097387400B54DC1 /* CustomStoreTableViewCell.swift */; };
/* End PBXBuildFile section */

/* Begin PBXFileReference section */
		373B846D20A1912100B2F800 /* SettingViewController.swift */ = {isa = PBXFileReference; lastKnownFileType = sourcecode.swift; path = SettingViewController.swift; sourceTree = "<group>"; };
		373B846F20A24EE600B2F800 /* BluetoothManager.swift */ = {isa = PBXFileReference; lastKnownFileType = sourcecode.swift; path = BluetoothManager.swift; sourceTree = "<group>"; };
		374370E5209EC25200E7C84C /* FeatureStore+CoreDataClass.swift */ = {isa = PBXFileReference; lastKnownFileType = sourcecode.swift; path = "FeatureStore+CoreDataClass.swift"; sourceTree = "<group>"; };
		374370E6209EC25200E7C84C /* FeatureStore+CoreDataProperties.swift */ = {isa = PBXFileReference; lastKnownFileType = sourcecode.swift; path = "FeatureStore+CoreDataProperties.swift"; sourceTree = "<group>"; };
		3752D91D207FFA720019C5FA /* La Distrib'.app */ = {isa = PBXFileReference; explicitFileType = wrapper.application; includeInIndex = 0; path = "La Distrib'.app"; sourceTree = BUILT_PRODUCTS_DIR; };
		3752D920207FFA720019C5FA /* AppDelegate.swift */ = {isa = PBXFileReference; lastKnownFileType = sourcecode.swift; path = AppDelegate.swift; sourceTree = "<group>"; };
		3752D922207FFA720019C5FA /* ConnectViewController.swift */ = {isa = PBXFileReference; fileEncoding = 4; lastKnownFileType = sourcecode.swift; lineEnding = 0; path = ConnectViewController.swift; sourceTree = "<group>"; wrapsLines = 1; };
		3752D925207FFA720019C5FA /* Base */ = {isa = PBXFileReference; lastKnownFileType = file.storyboard; name = Base; path = Base.lproj/Main.storyboard; sourceTree = "<group>"; };
		3752D928207FFA720019C5FA /* La_Distrib_.xcdatamodel */ = {isa = PBXFileReference; lastKnownFileType = wrapper.xcdatamodel; path = La_Distrib_.xcdatamodel; sourceTree = "<group>"; };
		3752D92D207FFA720019C5FA /* Base */ = {isa = PBXFileReference; lastKnownFileType = file.storyboard; name = Base; path = Base.lproj/LaunchScreen.storyboard; sourceTree = "<group>"; };
		3752D92F207FFA720019C5FA /* Info.plist */ = {isa = PBXFileReference; lastKnownFileType = text.plist.xml; path = Info.plist; sourceTree = "<group>"; };
		3752D93D2080CF210019C5FA /* HomeViewController.swift */ = {isa = PBXFileReference; lastKnownFileType = sourcecode.swift; path = HomeViewController.swift; sourceTree = "<group>"; };
		37654C7D20820D9F00B54DC1 /* CustomTextField.swift */ = {isa = PBXFileReference; lastKnownFileType = sourcecode.swift; path = CustomTextField.swift; sourceTree = "<group>"; };
		37654C7F20849DD300B54DC1 /* Assets.xcassets */ = {isa = PBXFileReference; lastKnownFileType = folder.assetcatalog; path = Assets.xcassets; sourceTree = "<group>"; };
		37654C81208601DF00B54DC1 /* RegistrationViewController.swift */ = {isa = PBXFileReference; lastKnownFileType = sourcecode.swift; name = RegistrationViewController.swift; path = "La Distrib'/Main Files/Controllers/RegistrationViewController.swift"; sourceTree = SOURCE_ROOT; };
		37654C852088FE5300B54DC1 /* DataController.swift */ = {isa = PBXFileReference; fileEncoding = 4; lastKnownFileType = sourcecode.swift; path = DataController.swift; sourceTree = "<group>"; };
		37654C94208B43E300B54DC1 /* Roboto-Medium.ttf */ = {isa = PBXFileReference; lastKnownFileType = file; name = "Roboto-Medium.ttf"; path = "../../../../Sketch/Ressources/fonts/Roboto/Roboto-Medium.ttf"; sourceTree = "<group>"; };
		37654C95208B43E400B54DC1 /* Roboto-Regular.ttf */ = {isa = PBXFileReference; lastKnownFileType = file; name = "Roboto-Regular.ttf"; path = "../../../../Sketch/Ressources/fonts/Roboto/Roboto-Regular.ttf"; sourceTree = "<group>"; };
		37654C96208B43E500B54DC1 /* Roboto-ThinItalic.ttf */ = {isa = PBXFileReference; lastKnownFileType = file; name = "Roboto-ThinItalic.ttf"; path = "../../../../Sketch/Ressources/fonts/Roboto/Roboto-ThinItalic.ttf"; sourceTree = "<group>"; };
		37654C97208B43E600B54DC1 /* Roboto-BlackItalic.ttf */ = {isa = PBXFileReference; lastKnownFileType = file; name = "Roboto-BlackItalic.ttf"; path = "../../../../Sketch/Ressources/fonts/Roboto/Roboto-BlackItalic.ttf"; sourceTree = "<group>"; };
		37654C98208B43E800B54DC1 /* Roboto-Black.ttf */ = {isa = PBXFileReference; lastKnownFileType = file; name = "Roboto-Black.ttf"; path = "../../../../Sketch/Ressources/fonts/Roboto/Roboto-Black.ttf"; sourceTree = "<group>"; };
		37654C99208B43E900B54DC1 /* Roboto-Thin.ttf */ = {isa = PBXFileReference; lastKnownFileType = file; name = "Roboto-Thin.ttf"; path = "../../../../Sketch/Ressources/fonts/Roboto/Roboto-Thin.ttf"; sourceTree = "<group>"; };
		37654C9A208B43EB00B54DC1 /* Roboto-MediumItalic.ttf */ = {isa = PBXFileReference; lastKnownFileType = file; name = "Roboto-MediumItalic.ttf"; path = "../../../../Sketch/Ressources/fonts/Roboto/Roboto-MediumItalic.ttf"; sourceTree = "<group>"; };
		37654C9B208B43EC00B54DC1 /* Roboto-Italic.ttf */ = {isa = PBXFileReference; lastKnownFileType = file; name = "Roboto-Italic.ttf"; path = "../../../../Sketch/Ressources/fonts/Roboto/Roboto-Italic.ttf"; sourceTree = "<group>"; };
		37654C9C208B43ED00B54DC1 /* Roboto-Light.ttf */ = {isa = PBXFileReference; lastKnownFileType = file; name = "Roboto-Light.ttf"; path = "../../../../Sketch/Ressources/fonts/Roboto/Roboto-Light.ttf"; sourceTree = "<group>"; };
		37654C9D208B43EE00B54DC1 /* Roboto-BoldItalic.ttf */ = {isa = PBXFileReference; lastKnownFileType = file; name = "Roboto-BoldItalic.ttf"; path = "../../../../Sketch/Ressources/fonts/Roboto/Roboto-BoldItalic.ttf"; sourceTree = "<group>"; };
		37654C9E208B43F000B54DC1 /* Roboto-LightItalic.ttf */ = {isa = PBXFileReference; lastKnownFileType = file; name = "Roboto-LightItalic.ttf"; path = "../../../../Sketch/Ressources/fonts/Roboto/Roboto-LightItalic.ttf"; sourceTree = "<group>"; };
		37654C9F208B43F100B54DC1 /* Roboto-Bold.ttf */ = {isa = PBXFileReference; lastKnownFileType = file; name = "Roboto-Bold.ttf"; path = "../../../../Sketch/Ressources/fonts/Roboto/Roboto-Bold.ttf"; sourceTree = "<group>"; };
		37654CAC208B440000B54DC1 /* RobotoCondensed-Light.ttf */ = {isa = PBXFileReference; lastKnownFileType = file; name = "RobotoCondensed-Light.ttf"; path = "../../../../Sketch/Ressources/fonts/Roboto_Condensed/RobotoCondensed-Light.ttf"; sourceTree = "<group>"; };
		37654CAD208B440100B54DC1 /* RobotoCondensed-BoldItalic.ttf */ = {isa = PBXFileReference; lastKnownFileType = file; name = "RobotoCondensed-BoldItalic.ttf"; path = "../../../../Sketch/Ressources/fonts/Roboto_Condensed/RobotoCondensed-BoldItalic.ttf"; sourceTree = "<group>"; };
		37654CAE208B440300B54DC1 /* RobotoCondensed-Regular.ttf */ = {isa = PBXFileReference; lastKnownFileType = file; name = "RobotoCondensed-Regular.ttf"; path = "../../../../Sketch/Ressources/fonts/Roboto_Condensed/RobotoCondensed-Regular.ttf"; sourceTree = "<group>"; };
		37654CAF208B440400B54DC1 /* RobotoCondensed-LightItalic.ttf */ = {isa = PBXFileReference; lastKnownFileType = file; name = "RobotoCondensed-LightItalic.ttf"; path = "../../../../Sketch/Ressources/fonts/Roboto_Condensed/RobotoCondensed-LightItalic.ttf"; sourceTree = "<group>"; };
		37654CB0208B440600B54DC1 /* RobotoCondensed-Bold.ttf */ = {isa = PBXFileReference; lastKnownFileType = file; name = "RobotoCondensed-Bold.ttf"; path = "../../../../Sketch/Ressources/fonts/Roboto_Condensed/RobotoCondensed-Bold.ttf"; sourceTree = "<group>"; };
		37654CB1208B440700B54DC1 /* RobotoCondensed-Italic.ttf */ = {isa = PBXFileReference; lastKnownFileType = file; name = "RobotoCondensed-Italic.ttf"; path = "../../../../Sketch/Ressources/fonts/Roboto_Condensed/RobotoCondensed-Italic.ttf"; sourceTree = "<group>"; };
		37654CB8208B441600B54DC1 /* Oswald-Bold.ttf */ = {isa = PBXFileReference; lastKnownFileType = file; name = "Oswald-Bold.ttf"; path = "../../../../Sketch/Ressources/fonts/Oswald/Oswald-Bold.ttf"; sourceTree = "<group>"; };
		37654CB9208B441700B54DC1 /* Oswald-ExtraLight.ttf */ = {isa = PBXFileReference; lastKnownFileType = file; name = "Oswald-ExtraLight.ttf"; path = "../../../../Sketch/Ressources/fonts/Oswald/Oswald-ExtraLight.ttf"; sourceTree = "<group>"; };
		37654CBA208B441900B54DC1 /* Oswald-Light.ttf */ = {isa = PBXFileReference; lastKnownFileType = file; name = "Oswald-Light.ttf"; path = "../../../../Sketch/Ressources/fonts/Oswald/Oswald-Light.ttf"; sourceTree = "<group>"; };
		37654CBB208B441A00B54DC1 /* Oswald-Medium.ttf */ = {isa = PBXFileReference; lastKnownFileType = file; name = "Oswald-Medium.ttf"; path = "../../../../Sketch/Ressources/fonts/Oswald/Oswald-Medium.ttf"; sourceTree = "<group>"; };
		37654CBC208B441B00B54DC1 /* Oswald-Regular.ttf */ = {isa = PBXFileReference; lastKnownFileType = file; name = "Oswald-Regular.ttf"; path = "../../../../Sketch/Ressources/fonts/Oswald/Oswald-Regular.ttf"; sourceTree = "<group>"; };
		37654CBD208B441D00B54DC1 /* Oswald-SemiBold.ttf */ = {isa = PBXFileReference; lastKnownFileType = file; name = "Oswald-SemiBold.ttf"; path = "../../../../Sketch/Ressources/fonts/Oswald/Oswald-SemiBold.ttf"; sourceTree = "<group>"; };
		37654CC6208CDF3400B54DC1 /* CustomHomeTableViewCell.swift */ = {isa = PBXFileReference; lastKnownFileType = sourcecode.swift; path = CustomHomeTableViewCell.swift; sourceTree = "<group>"; };
		37654CD22092197400B54DC1 /* UserProfil.swift */ = {isa = PBXFileReference; lastKnownFileType = sourcecode.swift; path = UserProfil.swift; sourceTree = "<group>"; };
		37654CD32092197400B54DC1 /* UserProfil+CoreDataProperties.swift */ = {isa = PBXFileReference; lastKnownFileType = sourcecode.swift; path = "UserProfil+CoreDataProperties.swift"; sourceTree = "<group>"; };
		37654CD42092197400B54DC1 /* Feature.swift */ = {isa = PBXFileReference; lastKnownFileType = sourcecode.swift; path = Feature.swift; sourceTree = "<group>"; };
		37654CD52092197400B54DC1 /* Feature+CoreDataProperties.swift */ = {isa = PBXFileReference; lastKnownFileType = sourcecode.swift; path = "Feature+CoreDataProperties.swift"; sourceTree = "<group>"; };
		37654CDA2095D3B100B54DC1 /* StoreViewController.swift */ = {isa = PBXFileReference; lastKnownFileType = sourcecode.swift; path = StoreViewController.swift; sourceTree = "<group>"; };
		37654CDC2097387400B54DC1 /* CustomStoreTableViewCell.swift */ = {isa = PBXFileReference; lastKnownFileType = sourcecode.swift; path = CustomStoreTableViewCell.swift; sourceTree = "<group>"; };
/* End PBXFileReference section */

/* Begin PBXFrameworksBuildPhase section */
		3752D91A207FFA720019C5FA /* Frameworks */ = {
			isa = PBXFrameworksBuildPhase;
			buildActionMask = 2147483647;
			files = (
			);
			runOnlyForDeploymentPostprocessing = 0;
		};
/* End PBXFrameworksBuildPhase section */

/* Begin PBXGroup section */
		3752D914207FFA720019C5FA = {
			isa = PBXGroup;
			children = (
				3752D91F207FFA720019C5FA /* La Distrib' */,
				3752D91E207FFA720019C5FA /* Products */,
			);
			sourceTree = "<group>";
		};
		3752D91E207FFA720019C5FA /* Products */ = {
			isa = PBXGroup;
			children = (
				3752D91D207FFA720019C5FA /* La Distrib'.app */,
			);
			name = Products;
			sourceTree = "<group>";
		};
		3752D91F207FFA720019C5FA /* La Distrib' */ = {
			isa = PBXGroup;
			children = (
				3752D938207FFB990019C5FA /* Main Files */,
				3752D939207FFBB30019C5FA /* Storyboards */,
				3752D93A207FFBC60019C5FA /* SupportingFiles */,
				3752D92F207FFA720019C5FA /* Info.plist */,
				3752D927207FFA720019C5FA /* La_Distrib_.xcdatamodeld */,
			);
			path = "La Distrib'";
			sourceTree = "<group>";
		};
		3752D935207FFB1A0019C5FA /* Models */ = {
			isa = PBXGroup;
			children = (
				37654C7D20820D9F00B54DC1 /* CustomTextField.swift */,
				37654CC6208CDF3400B54DC1 /* CustomHomeTableViewCell.swift */,
				37654CDC2097387400B54DC1 /* CustomStoreTableViewCell.swift */,
				373B846F20A24EE600B2F800 /* BluetoothManager.swift */,
			);
			path = Models;
			sourceTree = "<group>";
		};
		3752D936207FFB230019C5FA /* Views */ = {
			isa = PBXGroup;
			children = (
			);
			path = Views;
			sourceTree = "<group>";
		};
		3752D937207FFB350019C5FA /* Controllers */ = {
			isa = PBXGroup;
			children = (
				3752D922207FFA720019C5FA /* ConnectViewController.swift */,
				37654C81208601DF00B54DC1 /* RegistrationViewController.swift */,
				3752D93D2080CF210019C5FA /* HomeViewController.swift */,
				37654CDA2095D3B100B54DC1 /* StoreViewController.swift */,
				373B846D20A1912100B2F800 /* SettingViewController.swift */,
			);
			path = Controllers;
			sourceTree = "<group>";
		};
		3752D938207FFB990019C5FA /* Main Files */ = {
			isa = PBXGroup;
			children = (
				3752D920207FFA720019C5FA /* AppDelegate.swift */,
				37654C8B20890B9000B54DC1 /* PersistantFiles */,
				3752D937207FFB350019C5FA /* Controllers */,
				3752D936207FFB230019C5FA /* Views */,
				3752D935207FFB1A0019C5FA /* Models */,
			);
			path = "Main Files";
			sourceTree = "<group>";
		};
		3752D939207FFBB30019C5FA /* Storyboards */ = {
			isa = PBXGroup;
			children = (
				3752D92C207FFA720019C5FA /* LaunchScreen.storyboard */,
				3752D924207FFA720019C5FA /* Main.storyboard */,
			);
			path = Storyboards;
			sourceTree = "<group>";
		};
		3752D93A207FFBC60019C5FA /* SupportingFiles */ = {
			isa = PBXGroup;
			children = (
				37654C7F20849DD300B54DC1 /* Assets.xcassets */,
				37654C4C2080F25500B54DC1 /* Fonts */,
			);
			path = SupportingFiles;
			sourceTree = "<group>";
		};
		37654C4C2080F25500B54DC1 /* Fonts */ = {
			isa = PBXGroup;
			children = (
				37654CB8208B441600B54DC1 /* Oswald-Bold.ttf */,
				37654CB9208B441700B54DC1 /* Oswald-ExtraLight.ttf */,
				37654CBA208B441900B54DC1 /* Oswald-Light.ttf */,
				37654CBB208B441A00B54DC1 /* Oswald-Medium.ttf */,
				37654CBC208B441B00B54DC1 /* Oswald-Regular.ttf */,
				37654CBD208B441D00B54DC1 /* Oswald-SemiBold.ttf */,
				37654CB0208B440600B54DC1 /* RobotoCondensed-Bold.ttf */,
				37654CAD208B440100B54DC1 /* RobotoCondensed-BoldItalic.ttf */,
				37654CB1208B440700B54DC1 /* RobotoCondensed-Italic.ttf */,
				37654CAC208B440000B54DC1 /* RobotoCondensed-Light.ttf */,
				37654CAF208B440400B54DC1 /* RobotoCondensed-LightItalic.ttf */,
				37654CAE208B440300B54DC1 /* RobotoCondensed-Regular.ttf */,
				37654C98208B43E800B54DC1 /* Roboto-Black.ttf */,
				37654C97208B43E600B54DC1 /* Roboto-BlackItalic.ttf */,
				37654C9F208B43F100B54DC1 /* Roboto-Bold.ttf */,
				37654C9D208B43EE00B54DC1 /* Roboto-BoldItalic.ttf */,
				37654C9B208B43EC00B54DC1 /* Roboto-Italic.ttf */,
				37654C9C208B43ED00B54DC1 /* Roboto-Light.ttf */,
				37654C9E208B43F000B54DC1 /* Roboto-LightItalic.ttf */,
				37654C94208B43E300B54DC1 /* Roboto-Medium.ttf */,
				37654C9A208B43EB00B54DC1 /* Roboto-MediumItalic.ttf */,
				37654C95208B43E400B54DC1 /* Roboto-Regular.ttf */,
				37654C99208B43E900B54DC1 /* Roboto-Thin.ttf */,
				37654C96208B43E500B54DC1 /* Roboto-ThinItalic.ttf */,
			);
			path = Fonts;
			sourceTree = "<group>";
		};
		37654C8B20890B9000B54DC1 /* PersistantFiles */ = {
			isa = PBXGroup;
			children = (
				374370E5209EC25200E7C84C /* FeatureStore+CoreDataClass.swift */,
				374370E6209EC25200E7C84C /* FeatureStore+CoreDataProperties.swift */,
				37654CD22092197400B54DC1 /* UserProfil.swift */,
				37654CD32092197400B54DC1 /* UserProfil+CoreDataProperties.swift */,
				37654CD42092197400B54DC1 /* Feature.swift */,
				37654CD52092197400B54DC1 /* Feature+CoreDataProperties.swift */,
				37654C852088FE5300B54DC1 /* DataController.swift */,
			);
			path = PersistantFiles;
			sourceTree = "<group>";
		};
/* End PBXGroup section */

/* Begin PBXNativeTarget section */
		3752D91C207FFA720019C5FA /* La Distrib' */ = {
			isa = PBXNativeTarget;
			buildConfigurationList = 3752D932207FFA720019C5FA /* Build configuration list for PBXNativeTarget "La Distrib'" */;
			buildPhases = (
				3752D919207FFA720019C5FA /* Sources */,
				3752D91A207FFA720019C5FA /* Frameworks */,
				3752D91B207FFA720019C5FA /* Resources */,
			);
			buildRules = (
			);
			dependencies = (
			);
			name = "La Distrib'";
			productName = "La Distrib'";
			productReference = 3752D91D207FFA720019C5FA /* La Distrib'.app */;
			productType = "com.apple.product-type.application";
		};
/* End PBXNativeTarget section */

/* Begin PBXProject section */
		3752D915207FFA720019C5FA /* Project object */ = {
			isa = PBXProject;
			attributes = {
				LastSwiftUpdateCheck = 0920;
				LastUpgradeCheck = 1010;
				ORGANIZATIONNAME = "Daniel IKKA";
				TargetAttributes = {
					3752D91C207FFA720019C5FA = {
						CreatedOnToolsVersion = 9.2;
						LastSwiftMigration = 1010;
						ProvisioningStyle = Automatic;
					};
				};
			};
			buildConfigurationList = 3752D918207FFA720019C5FA /* Build configuration list for PBXProject "La Distrib'" */;
			compatibilityVersion = "Xcode 8.0";
			developmentRegion = en;
			hasScannedForEncodings = 0;
			knownRegions = (
				en,
				Base,
			);
			mainGroup = 3752D914207FFA720019C5FA;
			productRefGroup = 3752D91E207FFA720019C5FA /* Products */;
			projectDirPath = "";
			projectRoot = "";
			targets = (
				3752D91C207FFA720019C5FA /* La Distrib' */,
			);
		};
/* End PBXProject section */

/* Begin PBXResourcesBuildPhase section */
		3752D91B207FFA720019C5FA /* Resources */ = {
			isa = PBXResourcesBuildPhase;
			buildActionMask = 2147483647;
			files = (
				37654CB5208B440800B54DC1 /* RobotoCondensed-LightItalic.ttf in Resources */,
				37654CBF208B441E00B54DC1 /* Oswald-ExtraLight.ttf in Resources */,
				37654CA2208B43F200B54DC1 /* Roboto-ThinItalic.ttf in Resources */,
				37654CC0208B441E00B54DC1 /* Oswald-Light.ttf in Resources */,
				37654CC3208B441E00B54DC1 /* Oswald-SemiBold.ttf in Resources */,
				37654CA0208B43F200B54DC1 /* Roboto-Medium.ttf in Resources */,
				37654CB2208B440800B54DC1 /* RobotoCondensed-Light.ttf in Resources */,
				37654CAB208B43F200B54DC1 /* Roboto-Bold.ttf in Resources */,
				37654CB3208B440800B54DC1 /* RobotoCondensed-BoldItalic.ttf in Resources */,
				37654CB6208B440800B54DC1 /* RobotoCondensed-Bold.ttf in Resources */,
				37654CAA208B43F200B54DC1 /* Roboto-LightItalic.ttf in Resources */,
				37654CB4208B440800B54DC1 /* RobotoCondensed-Regular.ttf in Resources */,
				37654CA8208B43F200B54DC1 /* Roboto-Light.ttf in Resources */,
				3752D92E207FFA720019C5FA /* LaunchScreen.storyboard in Resources */,
				37654CC2208B441E00B54DC1 /* Oswald-Regular.ttf in Resources */,
				37654CA9208B43F200B54DC1 /* Roboto-BoldItalic.ttf in Resources */,
				37654CA4208B43F200B54DC1 /* Roboto-Black.ttf in Resources */,
				37654CBE208B441E00B54DC1 /* Oswald-Bold.ttf in Resources */,
				37654CA3208B43F200B54DC1 /* Roboto-BlackItalic.ttf in Resources */,
				37654CA1208B43F200B54DC1 /* Roboto-Regular.ttf in Resources */,
				37654CA6208B43F200B54DC1 /* Roboto-MediumItalic.ttf in Resources */,
				37654C8020849DD300B54DC1 /* Assets.xcassets in Resources */,
				37654CB7208B440800B54DC1 /* RobotoCondensed-Italic.ttf in Resources */,
				3752D926207FFA720019C5FA /* Main.storyboard in Resources */,
				37654CC1208B441E00B54DC1 /* Oswald-Medium.ttf in Resources */,
				37654CA7208B43F200B54DC1 /* Roboto-Italic.ttf in Resources */,
				37654CA5208B43F200B54DC1 /* Roboto-Thin.ttf in Resources */,
			);
			runOnlyForDeploymentPostprocessing = 0;
		};
/* End PBXResourcesBuildPhase section */

/* Begin PBXSourcesBuildPhase section */
		3752D919207FFA720019C5FA /* Sources */ = {
			isa = PBXSourcesBuildPhase;
			buildActionMask = 2147483647;
			files = (
				37654CC7208CDF3400B54DC1 /* CustomHomeTableViewCell.swift in Sources */,
				374370E7209EC25200E7C84C /* FeatureStore+CoreDataClass.swift in Sources */,
				37654C82208601DF00B54DC1 /* RegistrationViewController.swift in Sources */,
				37654CD62092197400B54DC1 /* UserProfil.swift in Sources */,
				374370E8209EC25200E7C84C /* FeatureStore+CoreDataProperties.swift in Sources */,
				373B846E20A1912100B2F800 /* SettingViewController.swift in Sources */,
				3752D929207FFA720019C5FA /* La_Distrib_.xcdatamodeld in Sources */,
				37654CD92092197400B54DC1 /* Feature+CoreDataProperties.swift in Sources */,
				3752D923207FFA720019C5FA /* ConnectViewController.swift in Sources */,
				37654CDB2095D3B100B54DC1 /* StoreViewController.swift in Sources */,
				37654CD82092197400B54DC1 /* Feature.swift in Sources */,
				37654CD72092197400B54DC1 /* UserProfil+CoreDataProperties.swift in Sources */,
				3752D921207FFA720019C5FA /* AppDelegate.swift in Sources */,
				37654CDD2097387400B54DC1 /* CustomStoreTableViewCell.swift in Sources */,
				3752D93E2080CF210019C5FA /* HomeViewController.swift in Sources */,
				37654C7E20820D9F00B54DC1 /* CustomTextField.swift in Sources */,
				373B847020A24EE600B2F800 /* BluetoothManager.swift in Sources */,
				37654C862088FE5300B54DC1 /* DataController.swift in Sources */,
			);
			runOnlyForDeploymentPostprocessing = 0;
		};
/* End PBXSourcesBuildPhase section */

/* Begin PBXVariantGroup section */
		3752D924207FFA720019C5FA /* Main.storyboard */ = {
			isa = PBXVariantGroup;
			children = (
				3752D925207FFA720019C5FA /* Base */,
			);
			name = Main.storyboard;
			sourceTree = "<group>";
		};
		3752D92C207FFA720019C5FA /* LaunchScreen.storyboard */ = {
			isa = PBXVariantGroup;
			children = (
				3752D92D207FFA720019C5FA /* Base */,
			);
			name = LaunchScreen.storyboard;
			sourceTree = "<group>";
		};
/* End PBXVariantGroup section */

/* Begin XCBuildConfiguration section */
		3752D930207FFA720019C5FA /* Debug */ = {
			isa = XCBuildConfiguration;
			buildSettings = {
				ALWAYS_SEARCH_USER_PATHS = NO;
				CLANG_ANALYZER_NONNULL = YES;
				CLANG_ANALYZER_NUMBER_OBJECT_CONVERSION = YES_AGGRESSIVE;
				CLANG_CXX_LANGUAGE_STANDARD = "gnu++14";
				CLANG_CXX_LIBRARY = "libc++";
				CLANG_ENABLE_MODULES = YES;
				CLANG_ENABLE_OBJC_ARC = YES;
				CLANG_WARN_BLOCK_CAPTURE_AUTORELEASING = YES;
				CLANG_WARN_BOOL_CONVERSION = YES;
				CLANG_WARN_COMMA = YES;
				CLANG_WARN_CONSTANT_CONVERSION = YES;
				CLANG_WARN_DEPRECATED_OBJC_IMPLEMENTATIONS = YES;
				CLANG_WARN_DIRECT_OBJC_ISA_USAGE = YES_ERROR;
				CLANG_WARN_DOCUMENTATION_COMMENTS = YES;
				CLANG_WARN_EMPTY_BODY = YES;
				CLANG_WARN_ENUM_CONVERSION = YES;
				CLANG_WARN_INFINITE_RECURSION = YES;
				CLANG_WARN_INT_CONVERSION = YES;
				CLANG_WARN_NON_LITERAL_NULL_CONVERSION = YES;
				CLANG_WARN_OBJC_IMPLICIT_RETAIN_SELF = YES;
				CLANG_WARN_OBJC_LITERAL_CONVERSION = YES;
				CLANG_WARN_OBJC_ROOT_CLASS = YES_ERROR;
				CLANG_WARN_RANGE_LOOP_ANALYSIS = YES;
				CLANG_WARN_STRICT_PROTOTYPES = YES;
				CLANG_WARN_SUSPICIOUS_MOVE = YES;
				CLANG_WARN_UNGUARDED_AVAILABILITY = YES_AGGRESSIVE;
				CLANG_WARN_UNREACHABLE_CODE = YES;
				CLANG_WARN__DUPLICATE_METHOD_MATCH = YES;
				CODE_SIGN_IDENTITY = "iPhone Developer";
				COPY_PHASE_STRIP = NO;
				DEBUG_INFORMATION_FORMAT = dwarf;
				ENABLE_STRICT_OBJC_MSGSEND = YES;
				ENABLE_TESTABILITY = YES;
				GCC_C_LANGUAGE_STANDARD = gnu11;
				GCC_DYNAMIC_NO_PIC = NO;
				GCC_NO_COMMON_BLOCKS = YES;
				GCC_OPTIMIZATION_LEVEL = 0;
				GCC_PREPROCESSOR_DEFINITIONS = (
					"DEBUG=1",
					"$(inherited)",
				);
				GCC_WARN_64_TO_32_BIT_CONVERSION = YES;
				GCC_WARN_ABOUT_RETURN_TYPE = YES_ERROR;
				GCC_WARN_UNDECLARED_SELECTOR = YES;
				GCC_WARN_UNINITIALIZED_AUTOS = YES_AGGRESSIVE;
				GCC_WARN_UNUSED_FUNCTION = YES;
				GCC_WARN_UNUSED_VARIABLE = YES;
				IPHONEOS_DEPLOYMENT_TARGET = 11.2;
				MTL_ENABLE_DEBUG_INFO = YES;
				ONLY_ACTIVE_ARCH = YES;
				SDKROOT = iphoneos;
				SWIFT_ACTIVE_COMPILATION_CONDITIONS = DEBUG;
				SWIFT_OPTIMIZATION_LEVEL = "-Onone";
			};
			name = Debug;
		};
		3752D931207FFA720019C5FA /* Release */ = {
			isa = XCBuildConfiguration;
			buildSettings = {
				ALWAYS_SEARCH_USER_PATHS = NO;
				CLANG_ANALYZER_NONNULL = YES;
				CLANG_ANALYZER_NUMBER_OBJECT_CONVERSION = YES_AGGRESSIVE;
				CLANG_CXX_LANGUAGE_STANDARD = "gnu++14";
				CLANG_CXX_LIBRARY = "libc++";
				CLANG_ENABLE_MODULES = YES;
				CLANG_ENABLE_OBJC_ARC = YES;
				CLANG_WARN_BLOCK_CAPTURE_AUTORELEASING = YES;
				CLANG_WARN_BOOL_CONVERSION = YES;
				CLANG_WARN_COMMA = YES;
				CLANG_WARN_CONSTANT_CONVERSION = YES;
				CLANG_WARN_DEPRECATED_OBJC_IMPLEMENTATIONS = YES;
				CLANG_WARN_DIRECT_OBJC_ISA_USAGE = YES_ERROR;
				CLANG_WARN_DOCUMENTATION_COMMENTS = YES;
				CLANG_WARN_EMPTY_BODY = YES;
				CLANG_WARN_ENUM_CONVERSION = YES;
				CLANG_WARN_INFINITE_RECURSION = YES;
				CLANG_WARN_INT_CONVERSION = YES;
				CLANG_WARN_NON_LITERAL_NULL_CONVERSION = YES;
				CLANG_WARN_OBJC_IMPLICIT_RETAIN_SELF = YES;
				CLANG_WARN_OBJC_LITERAL_CONVERSION = YES;
				CLANG_WARN_OBJC_ROOT_CLASS = YES_ERROR;
				CLANG_WARN_RANGE_LOOP_ANALYSIS = YES;
				CLANG_WARN_STRICT_PROTOTYPES = YES;
				CLANG_WARN_SUSPICIOUS_MOVE = YES;
				CLANG_WARN_UNGUARDED_AVAILABILITY = YES_AGGRESSIVE;
				CLANG_WARN_UNREACHABLE_CODE = YES;
				CLANG_WARN__DUPLICATE_METHOD_MATCH = YES;
				CODE_SIGN_IDENTITY = "iPhone Developer";
				COPY_PHASE_STRIP = NO;
				DEBUG_INFORMATION_FORMAT = "dwarf-with-dsym";
				ENABLE_NS_ASSERTIONS = NO;
				ENABLE_STRICT_OBJC_MSGSEND = YES;
				GCC_C_LANGUAGE_STANDARD = gnu11;
				GCC_NO_COMMON_BLOCKS = YES;
				GCC_WARN_64_TO_32_BIT_CONVERSION = YES;
				GCC_WARN_ABOUT_RETURN_TYPE = YES_ERROR;
				GCC_WARN_UNDECLARED_SELECTOR = YES;
				GCC_WARN_UNINITIALIZED_AUTOS = YES_AGGRESSIVE;
				GCC_WARN_UNUSED_FUNCTION = YES;
				GCC_WARN_UNUSED_VARIABLE = YES;
				IPHONEOS_DEPLOYMENT_TARGET = 11.2;
				MTL_ENABLE_DEBUG_INFO = NO;
				SDKROOT = iphoneos;
				SWIFT_OPTIMIZATION_LEVEL = "-Owholemodule";
				VALIDATE_PRODUCT = YES;
			};
			name = Release;
		};
		3752D933207FFA720019C5FA /* Debug */ = {
			isa = XCBuildConfiguration;
			buildSettings = {
				ASSETCATALOG_COMPILER_APPICON_NAME = AppIcon;
				CODE_SIGN_STYLE = Automatic;
				DEVELOPMENT_TEAM = K6C3C9TCPC;
				INFOPLIST_FILE = "La Distrib'/Info.plist";
				IPHONEOS_DEPLOYMENT_TARGET = 10.0;
				LD_RUNPATH_SEARCH_PATHS = "$(inherited) @executable_path/Frameworks";
				PRODUCT_BUNDLE_IDENTIFIER = "DanielIK.La-Distrib-";
				PRODUCT_NAME = "$(TARGET_NAME)";
				SWIFT_VERSION = 4.2;
				TARGETED_DEVICE_FAMILY = 1;
			};
			name = Debug;
		};
		3752D934207FFA720019C5FA /* Release */ = {
			isa = XCBuildConfiguration;
			buildSettings = {
				ASSETCATALOG_COMPILER_APPICON_NAME = AppIcon;
				CODE_SIGN_STYLE = Automatic;
				DEVELOPMENT_TEAM = K6C3C9TCPC;
				INFOPLIST_FILE = "La Distrib'/Info.plist";
				IPHONEOS_DEPLOYMENT_TARGET = 10.0;
				LD_RUNPATH_SEARCH_PATHS = "$(inherited) @executable_path/Frameworks";
				PRODUCT_BUNDLE_IDENTIFIER = "DanielIK.La-Distrib-";
				PRODUCT_NAME = "$(TARGET_NAME)";
				SWIFT_VERSION = 4.2;
				TARGETED_DEVICE_FAMILY = 1;
			};
			name = Release;
		};
/* End XCBuildConfiguration section */

/* Begin XCConfigurationList section */
		3752D918207FFA720019C5FA /* Build configuration list for PBXProject "La Distrib'" */ = {
			isa = XCConfigurationList;
			buildConfigurations = (
				3752D930207FFA720019C5FA /* Debug */,
				3752D931207FFA720019C5FA /* Release */,
			);
			defaultConfigurationIsVisible = 0;
			defaultConfigurationName = Release;
		};
		3752D932207FFA720019C5FA /* Build configuration list for PBXNativeTarget "La Distrib'" */ = {
			isa = XCConfigurationList;
			buildConfigurations = (
				3752D933207FFA720019C5FA /* Debug */,
				3752D934207FFA720019C5FA /* Release */,
			);
			defaultConfigurationIsVisible = 0;
			defaultConfigurationName = Release;
		};
/* End XCConfigurationList section */

/* Begin XCVersionGroup section */
		3752D927207FFA720019C5FA /* La_Distrib_.xcdatamodeld */ = {
			isa = XCVersionGroup;
			children = (
				3752D928207FFA720019C5FA /* La_Distrib_.xcdatamodel */,
			);
			currentVersion = 3752D928207FFA720019C5FA /* La_Distrib_.xcdatamodel */;
			path = La_Distrib_.xcdatamodeld;
			sourceTree = "<group>";
			versionGroupType = wrapper.xcdatamodel;
		};
/* End XCVersionGroup section */
	};
	rootObject = 3752D915207FFA720019C5FA /* Project object */;
}
